# This file is automatically @generated by Cargo.
# It is not intended for manual editing.
version = 4

[[package]]
name = "moderate_workspace_app"
version = "0.1.0"
dependencies = [
 "moderate_workspace_math",
 "moderate_workspace_text",
]

[[package]]
name = "moderate_workspace_math"
version = "0.1.0"

[[package]]
name = "moderate_workspace_text"
version = "0.1.0"
