# This file is automatically @generated by Cargo.
# It is not intended for manual editing.
version = 4

[[package]]
name = "bench_app"
version = "0.1.0"
dependencies = [
 "bench_body",
 "bench_items",
]

[[package]]
name = "bench_body"
version = "0.1.0"
dependencies = [
 "bench_items",
]

[[package]]
name = "bench_items"
version = "0.1.0"
