# This file is automatically @generated by Cargo.
# It is not intended for manual editing.
version = 4

[[package]]
name = "bench_def_app"
version = "0.1.0"
dependencies = [
 "bench_def_base",
 "bench_def_facade",
]

[[package]]
name = "bench_def_base"
version = "0.1.0"

[[package]]
name = "bench_def_facade"
version = "0.1.0"
dependencies = [
 "bench_def_base",
]
